
Microsoft Visual Studio Solution File, Format Version 12.00
# Visual Studio Version 16
VisualStudioVersion = 16.0.31702.278
MinimumVisualStudioVersion = 10.0.40219.1
Project("{8BC9CEB8-8B4A-11D0-8D11-00A0C91BC942}") = "Project2 Filesystem", "Project2 Filesystem.vcxproj", "{539F3625-527E-4780-8C32-E332A6FB3A77}"
EndProject
Global
	GlobalSection(SolutionConfigurationPlatforms) = preSolution
		Debug|x64 = Debug|x64
		Debug|x86 = Debug|x86
		Release|x64 = Release|x64
		Release|x86 = Release|x86
	EndGlobalSection
	GlobalSection(ProjectConfigurationPlatforms) = postSolution
		{539F3625-527E-4780-8C32-E332A6FB3A77}.Debug|x64.ActiveCfg = Debug|x64
		{539F3625-527E-4780-8C32-E332A6FB3A77}.Debug|x64.Build.0 = Debug|x64
		{539F3625-527E-4780-8C32-E332A6FB3A77}.Debug|x86.ActiveCfg = Debug|Win32
		{539F3625-527E-4780-8C32-E332A6FB3A77}.Debug|x86.Build.0 = Debug|Win32
		{539F3625-527E-4780-8C32-E332A6FB3A77}.Release|x64.ActiveCfg = Release|x64
		{539F3625-527E-4780-8C32-E332A6FB3A77}.Release|x64.Build.0 = Release|x64
		{539F3625-527E-4780-8C32-E332A6FB3A77}.Release|x86.ActiveCfg = Release|Win32
		{539F3625-527E-4780-8C32-E332A6FB3A77}.Release|x86.Build.0 = Release|Win32
	EndGlobalSection
	GlobalSection(SolutionProperties) = preSolution
		HideSolutionNode = FALSE
	EndGlobalSection
	GlobalSection(ExtensibilityGlobals) = postSolution
		SolutionGuid = {03DB3D57-4AD3-41FE-831E-4EE4F608D64F}
	EndGlobalSection
EndGlobal
